{
  "originHash" : "942db7996776ca525555058fe5a0390b07f964f0006b1410e09350030b2bc480",
  "pins" : [
    {
      "identity" : "jsonrpc",
      "kind" : "remoteSourceControl",
      "location" : "https://github.com/gsabran/JSONRPC",
      "state" : {
        "revision" : "56c936de4e4385287dc18f260557dbdf443a55bd",
        "version" : "0.9.1"
      }
    },
    {
      "identity" : "mcp-swift-sdk",
      "kind" : "remoteSourceControl",
      "location" : "https://github.com/gsabran/mcp-swift-sdk",
      "state" : {
        "revision" : "5399cccd2c5b481e641cbb3ccdba12bf5bd1d2d5",
        "version" : "0.2.3"
      }
    },
    {
      "identity" : "mcpswiftwrapper",
      "kind" : "remoteSourceControl",
      "location" : "https://github.com/jamesrochabrun/MCPSwiftWrapper",
      "state" : {
        "branch" : "main",
        "revision" : "79bab1a5687b9d412f625c796ad560cc2a04c4b6"
      }
    },
    {
      "identity" : "networkimage",
      "kind" : "remoteSourceControl",
      "location" : "https://github.com/gonzalezreal/NetworkImage",
      "state" : {
        "revision" : "2849f5323265386e200484b0d0f896e73c3411b9",
        "version" : "6.0.1"
      }
    },
    {
      "identity" : "splash",
      "kind" : "remoteSourceControl",
      "location" : "https://github.com/JohnSundell/Splash",
      "state" : {
        "revision" : "7f4df436eb78fe64fe2c32c58006e9949fa28ad8",
        "version" : "0.16.0"
      }
    },
    {
      "identity" : "swift-cmark",
      "kind" : "remoteSourceControl",
      "location" : "https://github.com/swiftlang/swift-cmark",
      "state" : {
        "revision" : "3ccff77b2dc5b96b77db3da0d68d28068593fa53",
        "version" : "0.5.0"
      }
    },
    {
      "identity" : "swift-json-schema",
      "kind" : "remoteSourceControl",
      "location" : "https://github.com/ajevans99/swift-json-schema",
      "state" : {
        "revision" : "707fc4c2d53138e8fbb4ee9e6669b050ba4b2239",
        "version" : "0.3.2"
      }
    },
    {
      "identity" : "swift-markdown-ui",
      "kind" : "remoteSourceControl",
      "location" : "https://github.com/gonzalezreal/swift-markdown-ui",
      "state" : {
        "revision" : "5f613358148239d0292c0cef674a3c2314737f9e",
        "version" : "2.4.1"
      }
    },
    {
      "identity" : "swift-syntax",
      "kind" : "remoteSourceControl",
      "location" : "https://github.com/swiftlang/swift-syntax",
      "state" : {
        "revision" : "0687f71944021d616d34d922343dcef086855920",
        "version" : "600.0.1"
      }
    },
    {
      "identity" : "swiftanthropic",
      "kind" : "remoteSourceControl",
      "location" : "https://github.com/jamesrochabrun/SwiftAnthropic",
      "state" : {
        "branch" : "main",
        "revision" : "c921b625dcbcc0653343ae63c89d1cbfed0bd539"
      }
    },
    {
      "identity" : "swiftopenai",
      "kind" : "remoteSourceControl",
      "location" : "https://github.com/jamesrochabrun/SwiftOpenAI",
      "state" : {
        "revision" : "3f5e195781e39ebbfec512118a1e43ec65fe4367",
        "version" : "4.0.6"
      }
    }
  ],
  "version" : 3
}
